
Microsoft Visual Studio Solution File, Format Version 12.00
# Visual Studio 15
VisualStudioVersion = 15.0.27130.2027
MinimumVisualStudioVersion = 10.0.40219.1
Project("{FAE04EC0-301F-11D3-BF4B-00C04F79EFBC}") = "CSharpTest_HalaiYaroslav", "CSharpTest_HalaiYaroslav\CSharpTest_HalaiYaroslav.csproj", "{0BF62E3F-9A8F-465B-AFAE-0FE43BD145C9}"
EndProject
Global
	GlobalSection(SolutionConfigurationPlatforms) = preSolution
		Debug|Any CPU = Debug|Any CPU
		Release|Any CPU = Release|Any CPU
	EndGlobalSection
	GlobalSection(ProjectConfigurationPlatforms) = postSolution
		{0BF62E3F-9A8F-465B-AFAE-0FE43BD145C9}.Debug|Any CPU.ActiveCfg = Debug|Any CPU
		{0BF62E3F-9A8F-465B-AFAE-0FE43BD145C9}.Debug|Any CPU.Build.0 = Debug|Any CPU
		{0BF62E3F-9A8F-465B-AFAE-0FE43BD145C9}.Release|Any CPU.ActiveCfg = Release|Any CPU
		{0BF62E3F-9A8F-465B-AFAE-0FE43BD145C9}.Release|Any CPU.Build.0 = Release|Any CPU
	EndGlobalSection
	GlobalSection(SolutionProperties) = preSolution
		HideSolutionNode = FALSE
	EndGlobalSection
	GlobalSection(ExtensibilityGlobals) = postSolution
		SolutionGuid = {56894AF3-5E39-42BB-B5AD-2CB742CC4E98}
	EndGlobalSection
EndGlobal
